{
  "name": "v86_updated_isos",
  "version": "1.0.0",
  "lockfileVersion": 3,
  "requires": true,
  "packages": {
    "": {
      "name": "v86_updated_isos",
      "version": "1.0.0",
      "license": "ISC",
      "dependencies": {
        "v86": "^0.5.292"
      }
    },
    "node_modules/v86": {
      "version": "0.5.292",
      "resolved": "https://registry.npmjs.org/v86/-/v86-0.5.292.tgz",
      "integrity": "sha512-86ko2DL7Y274tgxCA7l/qb78SH5rxZihAIyJt7h5Jpqmd5i4CCDq9Vrs03w1BeHJk0t235qpvLQzpo4iZcoL3A==",
      "license": "BSD-2-Clause"
    }
  }
}
